
Microsoft Visual Studio Solution File, Format Version 12.00
# Visual Studio 15
VisualStudioVersion = 15.0.28010.2041
MinimumVisualStudioVersion = 10.0.40219.1
Project("{FAE04EC0-301F-11D3-BF4B-00C04F79EFBC}") = "Parsing", "Parsing\Parsing.csproj", "{788F74BD-FE8F-48EF-8BCC-399DB755E153}"
EndProject
Project("{FAE04EC0-301F-11D3-BF4B-00C04F79EFBC}") = "Entity", "Entity\Entity.csproj", "{BB9FC142-122A-4F4F-91C9-7FF4E46F1611}"
EndProject
Project("{FAE04EC0-301F-11D3-BF4B-00C04F79EFBC}") = "DAL", "DAL\DAL.csproj", "{7B76CFBF-94E9-45AF-9399-6910D0312900}"
EndProject
Project("{FAE04EC0-301F-11D3-BF4B-00C04F79EFBC}") = "DAL.Interface", "DAL.Interface\DAL.Interface.csproj", "{7FA303CE-4BA1-4571-A840-F3F53116ADB1}"
EndProject
Project("{2150E333-8FDC-42A3-9474-1A3956D46DE8}") = "DataAccessLayer", "DataAccessLayer", "{4B55C899-B7BB-4C75-B68C-3134BB1C3005}"
EndProject
Project("{FAE04EC0-301F-11D3-BF4B-00C04F79EFBC}") = "BLL", "BLL\BLL.csproj", "{6D3B637B-4D75-4D5A-B7DD-1C357F7B4441}"
EndProject
Project("{2150E333-8FDC-42A3-9474-1A3956D46DE8}") = "BusinessLogic", "BusinessLogic", "{0011F5FD-C7D1-476C-AE79-4BD1D997EC75}"
EndProject
Project("{FAE04EC0-301F-11D3-BF4B-00C04F79EFBC}") = "BLL.Interface", "BLL.Interface\BLL.Interface.csproj", "{B23EDBA8-DDD4-4E6A-8738-8231648C778C}"
EndProject
Project("{2150E333-8FDC-42A3-9474-1A3956D46DE8}") = "Common", "Common", "{FAF92E52-CFE4-42D9-91A6-1BE25DFBDD9E}"
EndProject
Project("{2150E333-8FDC-42A3-9474-1A3956D46DE8}") = "PL", "PL", "{58C7AA29-F53C-4E49-8D24-F1E4AE62FDC7}"
EndProject
Project("{FAE04EC0-301F-11D3-BF4B-00C04F79EFBC}") = "Ninject", "Ninject\Ninject.csproj", "{80A4851E-C7CB-479C-8436-129343E537D4}"
EndProject
Project("{FAE04EC0-301F-11D3-BF4B-00C04F79EFBC}") = "Visual", "Visual\Visual.csproj", "{A8063FF7-E8CA-4ADD-B0D1-5E9929080CF2}"
EndProject
Global
	GlobalSection(SolutionConfigurationPlatforms) = preSolution
		Debug|Any CPU = Debug|Any CPU
		Release|Any CPU = Release|Any CPU
	EndGlobalSection
	GlobalSection(ProjectConfigurationPlatforms) = postSolution
		{788F74BD-FE8F-48EF-8BCC-399DB755E153}.Debug|Any CPU.ActiveCfg = Debug|Any CPU
		{788F74BD-FE8F-48EF-8BCC-399DB755E153}.Debug|Any CPU.Build.0 = Debug|Any CPU
		{788F74BD-FE8F-48EF-8BCC-399DB755E153}.Release|Any CPU.ActiveCfg = Release|Any CPU
		{788F74BD-FE8F-48EF-8BCC-399DB755E153}.Release|Any CPU.Build.0 = Release|Any CPU
		{BB9FC142-122A-4F4F-91C9-7FF4E46F1611}.Debug|Any CPU.ActiveCfg = Debug|Any CPU
		{BB9FC142-122A-4F4F-91C9-7FF4E46F1611}.Debug|Any CPU.Build.0 = Debug|Any CPU
		{BB9FC142-122A-4F4F-91C9-7FF4E46F1611}.Release|Any CPU.ActiveCfg = Release|Any CPU
		{BB9FC142-122A-4F4F-91C9-7FF4E46F1611}.Release|Any CPU.Build.0 = Release|Any CPU
		{7B76CFBF-94E9-45AF-9399-6910D0312900}.Debug|Any CPU.ActiveCfg = Debug|Any CPU
		{7B76CFBF-94E9-45AF-9399-6910D0312900}.Debug|Any CPU.Build.0 = Debug|Any CPU
		{7B76CFBF-94E9-45AF-9399-6910D0312900}.Release|Any CPU.ActiveCfg = Release|Any CPU
		{7B76CFBF-94E9-45AF-9399-6910D0312900}.Release|Any CPU.Build.0 = Release|Any CPU
		{7FA303CE-4BA1-4571-A840-F3F53116ADB1}.Debug|Any CPU.ActiveCfg = Debug|Any CPU
		{7FA303CE-4BA1-4571-A840-F3F53116ADB1}.Debug|Any CPU.Build.0 = Debug|Any CPU
		{7FA303CE-4BA1-4571-A840-F3F53116ADB1}.Release|Any CPU.ActiveCfg = Release|Any CPU
		{7FA303CE-4BA1-4571-A840-F3F53116ADB1}.Release|Any CPU.Build.0 = Release|Any CPU
		{6D3B637B-4D75-4D5A-B7DD-1C357F7B4441}.Debug|Any CPU.ActiveCfg = Debug|Any CPU
		{6D3B637B-4D75-4D5A-B7DD-1C357F7B4441}.Debug|Any CPU.Build.0 = Debug|Any CPU
		{6D3B637B-4D75-4D5A-B7DD-1C357F7B4441}.Release|Any CPU.ActiveCfg = Release|Any CPU
		{6D3B637B-4D75-4D5A-B7DD-1C357F7B4441}.Release|Any CPU.Build.0 = Release|Any CPU
		{B23EDBA8-DDD4-4E6A-8738-8231648C778C}.Debug|Any CPU.ActiveCfg = Debug|Any CPU
		{B23EDBA8-DDD4-4E6A-8738-8231648C778C}.Debug|Any CPU.Build.0 = Debug|Any CPU
		{B23EDBA8-DDD4-4E6A-8738-8231648C778C}.Release|Any CPU.ActiveCfg = Release|Any CPU
		{B23EDBA8-DDD4-4E6A-8738-8231648C778C}.Release|Any CPU.Build.0 = Release|Any CPU
		{80A4851E-C7CB-479C-8436-129343E537D4}.Debug|Any CPU.ActiveCfg = Debug|Any CPU
		{80A4851E-C7CB-479C-8436-129343E537D4}.Debug|Any CPU.Build.0 = Debug|Any CPU
		{80A4851E-C7CB-479C-8436-129343E537D4}.Release|Any CPU.ActiveCfg = Release|Any CPU
		{80A4851E-C7CB-479C-8436-129343E537D4}.Release|Any CPU.Build.0 = Release|Any CPU
		{A8063FF7-E8CA-4ADD-B0D1-5E9929080CF2}.Debug|Any CPU.ActiveCfg = Debug|Any CPU
		{A8063FF7-E8CA-4ADD-B0D1-5E9929080CF2}.Debug|Any CPU.Build.0 = Debug|Any CPU
		{A8063FF7-E8CA-4ADD-B0D1-5E9929080CF2}.Release|Any CPU.ActiveCfg = Release|Any CPU
		{A8063FF7-E8CA-4ADD-B0D1-5E9929080CF2}.Release|Any CPU.Build.0 = Release|Any CPU
	EndGlobalSection
	GlobalSection(SolutionProperties) = preSolution
		HideSolutionNode = FALSE
	EndGlobalSection
	GlobalSection(NestedProjects) = preSolution
		{788F74BD-FE8F-48EF-8BCC-399DB755E153} = {58C7AA29-F53C-4E49-8D24-F1E4AE62FDC7}
		{BB9FC142-122A-4F4F-91C9-7FF4E46F1611} = {FAF92E52-CFE4-42D9-91A6-1BE25DFBDD9E}
		{7B76CFBF-94E9-45AF-9399-6910D0312900} = {4B55C899-B7BB-4C75-B68C-3134BB1C3005}
		{7FA303CE-4BA1-4571-A840-F3F53116ADB1} = {4B55C899-B7BB-4C75-B68C-3134BB1C3005}
		{6D3B637B-4D75-4D5A-B7DD-1C357F7B4441} = {0011F5FD-C7D1-476C-AE79-4BD1D997EC75}
		{B23EDBA8-DDD4-4E6A-8738-8231648C778C} = {0011F5FD-C7D1-476C-AE79-4BD1D997EC75}
		{80A4851E-C7CB-479C-8436-129343E537D4} = {FAF92E52-CFE4-42D9-91A6-1BE25DFBDD9E}
		{A8063FF7-E8CA-4ADD-B0D1-5E9929080CF2} = {58C7AA29-F53C-4E49-8D24-F1E4AE62FDC7}
	EndGlobalSection
	GlobalSection(ExtensibilityGlobals) = postSolution
		SolutionGuid = {FBF25BC4-139F-44B4-B3DD-0DAD1A6170E3}
	EndGlobalSection
EndGlobal
